<?xml version="1.0" encoding="utf-8"?>
<Project ToolsVersion="4.0" xmlns="http://schemas.microsoft.com/developer/msbuild/2003">
  <ItemGroup>
    <Filter Include="소스 파일">
      <UniqueIdentifier>{4FC737F1-C7A5-4376-A066-2A32D752A2FF}</UniqueIdentifier>
      <Extensions>cpp;c;cc;cxx;def;odl;idl;hpj;bat;asm;asmx</Extensions>
    </Filter>
    <Filter Include="헤더 파일">
      <UniqueIdentifier>{93995380-89BD-4b04-88EB-625FBE52EBFB}</UniqueIdentifier>
      <Extensions>h;hh;hpp;hxx;hm;inl;inc;ipp;xsd</Extensions>
    </Filter>
    <Filter Include="리소스 파일">
      <UniqueIdentifier>{67DA6AB6-F800-4c08-8B7A-83BB121AAD01}</UniqueIdentifier>
      <Extensions>rc;ico;cur;bmp;dlg;rc2;rct;bin;rgs;gif;jpg;jpeg;jpe;resx;tiff;tif;png;wav;mfcribbon-ms</Extensions>
    </Filter>
  </ItemGroup>
  <ItemGroup>
    <ClInclude Include="pch.h">
      <Filter>헤더 파일</Filter>
    </ClInclude>
  </ItemGroup>
  <ItemGroup>
    <ClCompile Include="15650.cpp">
      <Filter>소스 파일</Filter>
    </ClCompile>
    <ClCompile Include="15651.cpp">
      <Filter>소스 파일</Filter>
    </ClCompile>
    <ClCompile Include="15652.cpp">
      <Filter>소스 파일</Filter>
    </ClCompile>
    <ClCompile Include="1932.cpp">
      <Filter>소스 파일</Filter>
    </ClCompile>
    <ClCompile Include="1026.cpp">
      <Filter>소스 파일</Filter>
    </ClCompile>
    <ClCompile Include="1094.cpp">
      <Filter>소스 파일</Filter>
    </ClCompile>
    <ClCompile Include="2822.cpp">
      <Filter>소스 파일</Filter>
    </ClCompile>
    <ClCompile Include="4949.cpp">
      <Filter>소스 파일</Filter>
    </ClCompile>
    <ClCompile Include="1654.cpp">
      <Filter>소스 파일</Filter>
    </ClCompile>
    <ClCompile Include="11866.cpp">
      <Filter>소스 파일</Filter>
    </ClCompile>
    <ClCompile Include="1966.cpp">
      <Filter>소스 파일</Filter>
    </ClCompile>
    <ClCompile Include="Test.cpp">
      <Filter>소스 파일</Filter>
    </ClCompile>
    <ClCompile Include="2346.cpp">
      <Filter>소스 파일</Filter>
    </ClCompile>
    <ClCompile Include="1021.cpp">
      <Filter>소스 파일</Filter>
    </ClCompile>
    <ClCompile Include="1260.cpp">
      <Filter>소스 파일</Filter>
    </ClCompile>
    <ClCompile Include="11726.cpp">
      <Filter>소스 파일</Filter>
    </ClCompile>
    <ClCompile Include="4153.cpp">
      <Filter>소스 파일</Filter>
    </ClCompile>
    <ClCompile Include="5430.cpp">
      <Filter>소스 파일</Filter>
    </ClCompile>
    <ClCompile Include="18111.cpp">
      <Filter>소스 파일</Filter>
    </ClCompile>
    <ClCompile Include="2475.cpp">
      <Filter>소스 파일</Filter>
    </ClCompile>
    <ClCompile Include="1874.cpp">
      <Filter>소스 파일</Filter>
    </ClCompile>
    <ClCompile Include="15829.cpp">
      <Filter>소스 파일</Filter>
    </ClCompile>
    <ClCompile Include="14889.cpp">
      <Filter>소스 파일</Filter>
    </ClCompile>
    <ClCompile Include="14888.cpp">
      <Filter>소스 파일</Filter>
    </ClCompile>
    <ClCompile Include="10815.cpp">
      <Filter>소스 파일</Filter>
    </ClCompile>
    <ClCompile Include="1629.cpp">
      <Filter>소스 파일</Filter>
    </ClCompile>
    <ClCompile Include="1780.cpp">
      <Filter>소스 파일</Filter>
    </ClCompile>
    <ClCompile Include="1978.cpp">
      <Filter>소스 파일</Filter>
    </ClCompile>
    <ClCompile Include="2609.cpp">
      <Filter>소스 파일</Filter>
    </ClCompile>
    <ClCompile Include="1110.cpp">
      <Filter>소스 파일</Filter>
    </ClCompile>
    <ClCompile Include="2163.cpp">
      <Filter>소스 파일</Filter>
    </ClCompile>
    <ClCompile Include="9461.cpp">
      <Filter>소스 파일</Filter>
    </ClCompile>
    <ClCompile Include="1463.cpp">
      <Filter>소스 파일</Filter>
    </ClCompile>
    <ClCompile Include="9095.cpp">
      <Filter>소스 파일</Filter>
    </ClCompile>
    <ClCompile Include="15988.cpp">
      <Filter>소스 파일</Filter>
    </ClCompile>
    <ClCompile Include="11726-1.cpp">
      <Filter>소스 파일</Filter>
    </ClCompile>
    <ClCompile Include="10844.cpp">
      <Filter>소스 파일</Filter>
    </ClCompile>
    <ClCompile Include="1309.cpp">
      <Filter>소스 파일</Filter>
    </ClCompile>
    <ClCompile Include="2618.cpp">
      <Filter>소스 파일</Filter>
    </ClCompile>
    <ClCompile Include="11047.cpp">
      <Filter>소스 파일</Filter>
    </ClCompile>
    <ClCompile Include="1931.cpp">
      <Filter>소스 파일</Filter>
    </ClCompile>
    <ClCompile Include="11399.cpp">
      <Filter>소스 파일</Filter>
    </ClCompile>
    <ClCompile Include="2512.cpp">
      <Filter>소스 파일</Filter>
    </ClCompile>
    <ClCompile Include="2110.cpp">
      <Filter>소스 파일</Filter>
    </ClCompile>
    <ClCompile Include="1697.cpp">
      <Filter>소스 파일</Filter>
    </ClCompile>
    <ClCompile Include="1012.cpp">
      <Filter>소스 파일</Filter>
    </ClCompile>
    <ClCompile Include="11724.cpp">
      <Filter>소스 파일</Filter>
    </ClCompile>
    <ClCompile Include="2580.cpp">
      <Filter>소스 파일</Filter>
    </ClCompile>
    <ClCompile Include="2910.cpp">
      <Filter>소스 파일</Filter>
    </ClCompile>
    <ClCompile Include="10825.cpp">
      <Filter>소스 파일</Filter>
    </ClCompile>
    <ClCompile Include="1996.cpp">
      <Filter>소스 파일</Filter>
    </ClCompile>
    <ClCompile Include="4659.cpp">
      <Filter>소스 파일</Filter>
    </ClCompile>
    <ClCompile Include="1855.cpp">
      <Filter>소스 파일</Filter>
    </ClCompile>
    <ClCompile Include="5671.cpp">
      <Filter>소스 파일</Filter>
    </ClCompile>
    <ClCompile Include="2037.cpp">
      <Filter>소스 파일</Filter>
    </ClCompile>
    <ClCompile Include="2615.cpp">
      <Filter>소스 파일</Filter>
    </ClCompile>
    <ClCompile Include="1213.cpp">
      <Filter>소스 파일</Filter>
    </ClCompile>
    <ClCompile Include="1431.cpp">
      <Filter>소스 파일</Filter>
    </ClCompile>
    <ClCompile Include="5086.cpp">
      <Filter>소스 파일</Filter>
    </ClCompile>
    <ClCompile Include="1037.cpp">
      <Filter>소스 파일</Filter>
    </ClCompile>
    <ClCompile Include="11653.cpp">
      <Filter>소스 파일</Filter>
    </ClCompile>
    <ClCompile Include="2981.cpp">
      <Filter>소스 파일</Filter>
    </ClCompile>
    <ClCompile Include="3036.cpp">
      <Filter>소스 파일</Filter>
    </ClCompile>
    <ClCompile Include="1676.cpp">
      <Filter>소스 파일</Filter>
    </ClCompile>
    <ClCompile Include="2004.cpp">
      <Filter>소스 파일</Filter>
    </ClCompile>
    <ClCompile Include="5397.cpp">
      <Filter>소스 파일</Filter>
    </ClCompile>
    <ClCompile Include="1991.cpp">
      <Filter>소스 파일</Filter>
    </ClCompile>
    <ClCompile Include="15905.cpp">
      <Filter>소스 파일</Filter>
    </ClCompile>
    <ClCompile Include="17283.cpp">
      <Filter>소스 파일</Filter>
    </ClCompile>
    <ClCompile Include="6603.cpp">
      <Filter>소스 파일</Filter>
    </ClCompile>
    <ClCompile Include="15686.cpp">
      <Filter>소스 파일</Filter>
    </ClCompile>
    <ClCompile Include="1912.cpp">
      <Filter>소스 파일</Filter>
    </ClCompile>
    <ClCompile Include="2485.cpp">
      <Filter>소스 파일</Filter>
    </ClCompile>
    <ClCompile Include="17388.cpp">
      <Filter>소스 파일</Filter>
    </ClCompile>
    <ClCompile Include="17389.cpp">
      <Filter>소스 파일</Filter>
    </ClCompile>
    <ClCompile Include="17390.cpp">
      <Filter>소스 파일</Filter>
    </ClCompile>
    <ClCompile Include="17391.cpp">
      <Filter>소스 파일</Filter>
    </ClCompile>
    <ClCompile Include="17392.cpp">
      <Filter>소스 파일</Filter>
    </ClCompile>
    <ClCompile Include="17393.cpp">
      <Filter>소스 파일</Filter>
    </ClCompile>
    <ClCompile Include="17394.cpp">
      <Filter>소스 파일</Filter>
    </ClCompile>
    <ClCompile Include="17395.cpp">
      <Filter>소스 파일</Filter>
    </ClCompile>
    <ClCompile Include="10026.cpp">
      <Filter>소스 파일</Filter>
    </ClCompile>
    <ClCompile Include="2644.cpp">
      <Filter>소스 파일</Filter>
    </ClCompile>
    <ClCompile Include="2613.cpp">
      <Filter>소스 파일</Filter>
    </ClCompile>
    <ClCompile Include="2455.cpp">
      <Filter>소스 파일</Filter>
    </ClCompile>
    <ClCompile Include="2206.cpp">
      <Filter>소스 파일</Filter>
    </ClCompile>
    <ClCompile Include="7562.cpp">
      <Filter>소스 파일</Filter>
    </ClCompile>
    <ClCompile Include="5212.cpp">
      <Filter>소스 파일</Filter>
    </ClCompile>
    <ClCompile Include="5543.cpp">
      <Filter>소스 파일</Filter>
    </ClCompile>
    <ClCompile Include="2688.cpp">
      <Filter>소스 파일</Filter>
    </ClCompile>
    <ClCompile Include="9465.cpp">
      <Filter>소스 파일</Filter>
    </ClCompile>
    <ClCompile Include="13458.cpp">
      <Filter>소스 파일</Filter>
    </ClCompile>
    <ClCompile Include="1946.cpp">
      <Filter>소스 파일</Filter>
    </ClCompile>
    <ClCompile Include="1449.cpp">
      <Filter>소스 파일</Filter>
    </ClCompile>
    <ClCompile Include="12845.cpp">
      <Filter>소스 파일</Filter>
    </ClCompile>
    <ClCompile Include="2294.cpp">
      <Filter>소스 파일</Filter>
    </ClCompile>
    <ClCompile Include="2293.cpp">
      <Filter>소스 파일</Filter>
    </ClCompile>
    <ClCompile Include="7576.cpp">
      <Filter>소스 파일</Filter>
    </ClCompile>
    <ClCompile Include="15802.cpp">
      <Filter>소스 파일</Filter>
    </ClCompile>
    <ClCompile Include="11722.cpp">
      <Filter>소스 파일</Filter>
    </ClCompile>
    <ClCompile Include="2193.cpp">
      <Filter>소스 파일</Filter>
    </ClCompile>
    <ClCompile Include="11052.cpp">
      <Filter>소스 파일</Filter>
    </ClCompile>
    <ClCompile Include="14501.cpp">
      <Filter>소스 파일</Filter>
    </ClCompile>
    <ClCompile Include="2167.cpp">
      <Filter>소스 파일</Filter>
    </ClCompile>
    <ClCompile Include="2921.cpp">
      <Filter>소스 파일</Filter>
    </ClCompile>
    <ClCompile Include="1816.cpp">
      <Filter>소스 파일</Filter>
    </ClCompile>
    <ClCompile Include="2915.cpp">
      <Filter>소스 파일</Filter>
    </ClCompile>
    <ClCompile Include="11055-2.cpp">
      <Filter>소스 파일</Filter>
    </ClCompile>
    <ClCompile Include="2156.cpp">
      <Filter>소스 파일</Filter>
    </ClCompile>
    <ClCompile Include="12865.cpp">
      <Filter>소스 파일</Filter>
    </ClCompile>
    <ClCompile Include="1016.cpp">
      <Filter>소스 파일</Filter>
    </ClCompile>
    <ClCompile Include="7569.cpp">
      <Filter>소스 파일</Filter>
    </ClCompile>
    <ClCompile Include="1300.cpp">
      <Filter>소스 파일</Filter>
    </ClCompile>
    <ClCompile Include="11060.cpp">
      <Filter>소스 파일</Filter>
    </ClCompile>
    <ClCompile Include="7579.cpp">
      <Filter>소스 파일</Filter>
    </ClCompile>
    <ClCompile Include="11723.cpp">
      <Filter>소스 파일</Filter>
    </ClCompile>
    <ClCompile Include="2630.cpp">
      <Filter>소스 파일</Filter>
    </ClCompile>
    <ClCompile Include="18870.cpp">
      <Filter>소스 파일</Filter>
    </ClCompile>
    <ClCompile Include="1074.cpp">
      <Filter>소스 파일</Filter>
    </ClCompile>
    <ClCompile Include="14503.cpp">
      <Filter>소스 파일</Filter>
    </ClCompile>
    <ClCompile Include="2468.cpp">
      <Filter>소스 파일</Filter>
    </ClCompile>
    <ClCompile Include="9205.cpp">
      <Filter>소스 파일</Filter>
    </ClCompile>
    <ClCompile Include="5014.cpp">
      <Filter>소스 파일</Filter>
    </ClCompile>
    <ClCompile Include="2573.cpp">
      <Filter>소스 파일</Filter>
    </ClCompile>
    <ClCompile Include="11286.cpp">
      <Filter>소스 파일</Filter>
    </ClCompile>
    <ClCompile Include="15917.cpp">
      <Filter>소스 파일</Filter>
    </ClCompile>
    <ClCompile Include="11896.cpp">
      <Filter>소스 파일</Filter>
    </ClCompile>
    <ClCompile Include="9372.cpp">
      <Filter>소스 파일</Filter>
    </ClCompile>
    <ClCompile Include="9372-.cpp">
      <Filter>소스 파일</Filter>
    </ClCompile>
    <ClCompile Include="15565.cpp">
      <Filter>소스 파일</Filter>
    </ClCompile>
    <ClCompile Include="2529.cpp">
      <Filter>소스 파일</Filter>
    </ClCompile>
    <ClCompile Include="2583.cpp">
      <Filter>소스 파일</Filter>
    </ClCompile>
    <ClCompile Include="1315.cpp">
      <Filter>소스 파일</Filter>
    </ClCompile>
    <ClCompile Include="1748.cpp">
      <Filter>소스 파일</Filter>
    </ClCompile>
    <ClCompile Include="2262.cpp">
      <Filter>소스 파일</Filter>
    </ClCompile>
    <ClCompile Include="3055.cpp">
      <Filter>소스 파일</Filter>
    </ClCompile>
  </ItemGroup>
</Project>